
Microsoft Visual Studio Solution File, Format Version 12.00
# Visual Studio Version 16
VisualStudioVersion = 16.0.32413.511
MinimumVisualStudioVersion = 10.0.40219.1
Project("{FAE04EC0-301F-11D3-BF4B-00C04F79EFBC}") = "uppgift 3.16", "uppgift 3.16\uppgift 3.16.csproj", "{312B53B7-8FBD-4179-9BA3-064E83E9BAD7}"
EndProject
Global
	GlobalSection(SolutionConfigurationPlatforms) = preSolution
		Debug|Any CPU = Debug|Any CPU
		Release|Any CPU = Release|Any CPU
	EndGlobalSection
	GlobalSection(ProjectConfigurationPlatforms) = postSolution
		{312B53B7-8FBD-4179-9BA3-064E83E9BAD7}.Debug|Any CPU.ActiveCfg = Debug|Any CPU
		{312B53B7-8FBD-4179-9BA3-064E83E9BAD7}.Debug|Any CPU.Build.0 = Debug|Any CPU
		{312B53B7-8FBD-4179-9BA3-064E83E9BAD7}.Release|Any CPU.ActiveCfg = Release|Any CPU
		{312B53B7-8FBD-4179-9BA3-064E83E9BAD7}.Release|Any CPU.Build.0 = Release|Any CPU
	EndGlobalSection
	GlobalSection(SolutionProperties) = preSolution
		HideSolutionNode = FALSE
	EndGlobalSection
	GlobalSection(ExtensibilityGlobals) = postSolution
		SolutionGuid = {C52D9658-AE11-4CF1-BBA8-C006BF727347}
	EndGlobalSection
EndGlobal
